
Microsoft Visual Studio Solution File, Format Version 12.00
# Visual Studio 15
VisualStudioVersion = 15.0.27130.2010
MinimumVisualStudioVersion = 10.0.40219.1
Project("{FAE04EC0-301F-11D3-BF4B-00C04F79EFBC}") = "EFMVCApp", "EFMVCApp\EFMVCApp.csproj", "{0F53E5F4-FC35-460C-94B4-831DC4FF2E1F}"
EndProject
Project("{2150E333-8FDC-42A3-9474-1A3956D46DE8}") = "Model", "Model", "{8EBF230A-4D61-4F92-B161-48066C3A0402}"
EndProject
Project("{2150E333-8FDC-42A3-9474-1A3956D46DE8}") = "InterFace", "InterFace", "{89A68C97-7A89-4731-8A2C-FF98E65B5732}"
EndProject
Project("{2150E333-8FDC-42A3-9474-1A3956D46DE8}") = "Implement", "Implement", "{5CDFFE61-1DD6-4F17-AC15-BA2B716C0C97}"
EndProject
Project("{FAE04EC0-301F-11D3-BF4B-00C04F79EFBC}") = "IDAL", "IDAL\IDAL.csproj", "{97C93751-1EEA-43C9-91BD-FA21B5595058}"
EndProject
Project("{FAE04EC0-301F-11D3-BF4B-00C04F79EFBC}") = "IBLL", "IBLL\IBLL.csproj", "{B0BCC83C-C8D3-428A-906B-E8430EC45974}"
EndProject
Project("{FAE04EC0-301F-11D3-BF4B-00C04F79EFBC}") = "DAL", "DAL\DAL.csproj", "{4B1F5FBD-EF78-4790-8995-4FB1950602F5}"
EndProject
Project("{FAE04EC0-301F-11D3-BF4B-00C04F79EFBC}") = "BLL", "BLL\BLL.csproj", "{9A38FDD9-507C-4C19-8B71-795B1C56B3CD}"
EndProject
Project("{FAE04EC0-301F-11D3-BF4B-00C04F79EFBC}") = "WebAPI", "WebAPI\WebAPI.csproj", "{25EE88D5-75A7-45D3-B766-3431E9FA4E35}"
EndProject
Project("{2150E333-8FDC-42A3-9474-1A3956D46DE8}") = ".nuget", ".nuget", "{A56DBCFC-0FC7-4044-B055-8D8974D54CA6}"
	ProjectSection(SolutionItems) = preProject
		.nuget\packages.config = .nuget\packages.config
	EndProjectSection
EndProject
Project("{FAE04EC0-301F-11D3-BF4B-00C04F79EFBC}") = "ConsoleTest", "ConsoleTest\ConsoleTest.csproj", "{B13DF580-6C22-4BC4-AB23-3C0542E305E3}"
EndProject
Project("{FAE04EC0-301F-11D3-BF4B-00C04F79EFBC}") = "Model", "Model\Model.csproj", "{D49CB5C8-19AF-40D1-BAB7-5051600C889C}"
EndProject
Global
	GlobalSection(SolutionConfigurationPlatforms) = preSolution
		Debug|Any CPU = Debug|Any CPU
		Release|Any CPU = Release|Any CPU
	EndGlobalSection
	GlobalSection(ProjectConfigurationPlatforms) = postSolution
		{0F53E5F4-FC35-460C-94B4-831DC4FF2E1F}.Debug|Any CPU.ActiveCfg = Debug|Any CPU
		{0F53E5F4-FC35-460C-94B4-831DC4FF2E1F}.Debug|Any CPU.Build.0 = Debug|Any CPU
		{0F53E5F4-FC35-460C-94B4-831DC4FF2E1F}.Release|Any CPU.ActiveCfg = Release|Any CPU
		{0F53E5F4-FC35-460C-94B4-831DC4FF2E1F}.Release|Any CPU.Build.0 = Release|Any CPU
		{97C93751-1EEA-43C9-91BD-FA21B5595058}.Debug|Any CPU.ActiveCfg = Debug|Any CPU
		{97C93751-1EEA-43C9-91BD-FA21B5595058}.Debug|Any CPU.Build.0 = Debug|Any CPU
		{97C93751-1EEA-43C9-91BD-FA21B5595058}.Release|Any CPU.ActiveCfg = Release|Any CPU
		{97C93751-1EEA-43C9-91BD-FA21B5595058}.Release|Any CPU.Build.0 = Release|Any CPU
		{B0BCC83C-C8D3-428A-906B-E8430EC45974}.Debug|Any CPU.ActiveCfg = Debug|Any CPU
		{B0BCC83C-C8D3-428A-906B-E8430EC45974}.Debug|Any CPU.Build.0 = Debug|Any CPU
		{B0BCC83C-C8D3-428A-906B-E8430EC45974}.Release|Any CPU.ActiveCfg = Release|Any CPU
		{B0BCC83C-C8D3-428A-906B-E8430EC45974}.Release|Any CPU.Build.0 = Release|Any CPU
		{4B1F5FBD-EF78-4790-8995-4FB1950602F5}.Debug|Any CPU.ActiveCfg = Debug|Any CPU
		{4B1F5FBD-EF78-4790-8995-4FB1950602F5}.Debug|Any CPU.Build.0 = Debug|Any CPU
		{4B1F5FBD-EF78-4790-8995-4FB1950602F5}.Release|Any CPU.ActiveCfg = Release|Any CPU
		{4B1F5FBD-EF78-4790-8995-4FB1950602F5}.Release|Any CPU.Build.0 = Release|Any CPU
		{9A38FDD9-507C-4C19-8B71-795B1C56B3CD}.Debug|Any CPU.ActiveCfg = Debug|Any CPU
		{9A38FDD9-507C-4C19-8B71-795B1C56B3CD}.Debug|Any CPU.Build.0 = Debug|Any CPU
		{9A38FDD9-507C-4C19-8B71-795B1C56B3CD}.Release|Any CPU.ActiveCfg = Release|Any CPU
		{9A38FDD9-507C-4C19-8B71-795B1C56B3CD}.Release|Any CPU.Build.0 = Release|Any CPU
		{25EE88D5-75A7-45D3-B766-3431E9FA4E35}.Debug|Any CPU.ActiveCfg = Debug|Any CPU
		{25EE88D5-75A7-45D3-B766-3431E9FA4E35}.Debug|Any CPU.Build.0 = Debug|Any CPU
		{25EE88D5-75A7-45D3-B766-3431E9FA4E35}.Release|Any CPU.ActiveCfg = Release|Any CPU
		{25EE88D5-75A7-45D3-B766-3431E9FA4E35}.Release|Any CPU.Build.0 = Release|Any CPU
		{B13DF580-6C22-4BC4-AB23-3C0542E305E3}.Debug|Any CPU.ActiveCfg = Debug|Any CPU
		{B13DF580-6C22-4BC4-AB23-3C0542E305E3}.Debug|Any CPU.Build.0 = Debug|Any CPU
		{B13DF580-6C22-4BC4-AB23-3C0542E305E3}.Release|Any CPU.ActiveCfg = Release|Any CPU
		{B13DF580-6C22-4BC4-AB23-3C0542E305E3}.Release|Any CPU.Build.0 = Release|Any CPU
		{D49CB5C8-19AF-40D1-BAB7-5051600C889C}.Debug|Any CPU.ActiveCfg = Debug|Any CPU
		{D49CB5C8-19AF-40D1-BAB7-5051600C889C}.Debug|Any CPU.Build.0 = Debug|Any CPU
		{D49CB5C8-19AF-40D1-BAB7-5051600C889C}.Release|Any CPU.ActiveCfg = Release|Any CPU
		{D49CB5C8-19AF-40D1-BAB7-5051600C889C}.Release|Any CPU.Build.0 = Release|Any CPU
	EndGlobalSection
	GlobalSection(SolutionProperties) = preSolution
		HideSolutionNode = FALSE
	EndGlobalSection
	GlobalSection(NestedProjects) = preSolution
		{97C93751-1EEA-43C9-91BD-FA21B5595058} = {89A68C97-7A89-4731-8A2C-FF98E65B5732}
		{B0BCC83C-C8D3-428A-906B-E8430EC45974} = {89A68C97-7A89-4731-8A2C-FF98E65B5732}
		{4B1F5FBD-EF78-4790-8995-4FB1950602F5} = {5CDFFE61-1DD6-4F17-AC15-BA2B716C0C97}
		{9A38FDD9-507C-4C19-8B71-795B1C56B3CD} = {5CDFFE61-1DD6-4F17-AC15-BA2B716C0C97}
		{D49CB5C8-19AF-40D1-BAB7-5051600C889C} = {8EBF230A-4D61-4F92-B161-48066C3A0402}
	EndGlobalSection
	GlobalSection(ExtensibilityGlobals) = postSolution
		SolutionGuid = {81548844-CFDE-4304-894B-AF79F77A85D3}
	EndGlobalSection
EndGlobal
